
Microsoft Visual Studio Solution File, Format Version 12.00
# Visual Studio 14
VisualStudioVersion = 14.0.25123.0
MinimumVisualStudioVersion = 10.0.40219.1
Project("{FAE04EC0-301F-11D3-BF4B-00C04F79EFBC}") = "simd-workshop", "simd-workshop.csproj", "{EC2B0853-8E3C-4FC9-9944-82FA1306C021}"
EndProject
Global
	GlobalSection(SolutionConfigurationPlatforms) = preSolution
		Debug|Any CPU = Debug|Any CPU
		Release|Any CPU = Release|Any CPU
	EndGlobalSection
	GlobalSection(ProjectConfigurationPlatforms) = postSolution
		{EC2B0853-8E3C-4FC9-9944-82FA1306C021}.Debug|Any CPU.ActiveCfg = Debug|Any CPU
		{EC2B0853-8E3C-4FC9-9944-82FA1306C021}.Debug|Any CPU.Build.0 = Debug|Any CPU
		{EC2B0853-8E3C-4FC9-9944-82FA1306C021}.Release|Any CPU.ActiveCfg = Release|Any CPU
		{EC2B0853-8E3C-4FC9-9944-82FA1306C021}.Release|Any CPU.Build.0 = Release|Any CPU
	EndGlobalSection
	GlobalSection(SolutionProperties) = preSolution
		HideSolutionNode = FALSE
	EndGlobalSection
EndGlobal
